[[package]]
name = "cc"
version = "1.0.28"
source = "registry+https://github.com/rust-lang/crates.io-index"

[[package]]
name = "cfg-if"
version = "0.1.6"
source = "registry+https://github.com/rust-lang/crates.io-index"

[[package]]
name = "cmake"
version = "0.1.35"
source = "registry+https://github.com/rust-lang/crates.io-index"
dependencies = [
 "cc 1.0.28 (registry+https://github.com/rust-lang/crates.io-index)",
]

[[package]]
name = "futures"
version = "0.1.25"
source = "registry+https://github.com/rust-lang/crates.io-index"

[[package]]
name = "gipc"
version = "0.1.0"
dependencies = [
 "grpcio 0.4.1 (registry+https://github.com/rust-lang/crates.io-index)",
 "named_pipe 0.4.0 (registry+https://github.com/rust-lang/crates.io-index)",
]

[[package]]
name = "gipc-examples"
version = "0.1.0"
dependencies = [
 "gipc 0.1.0",
]

[[package]]
name = "grpcio"
version = "0.4.1"
source = "registry+https://github.com/rust-lang/crates.io-index"
dependencies = [
 "futures 0.1.25 (registry+https://github.com/rust-lang/crates.io-index)",
 "grpcio-sys 0.4.1 (registry+https://github.com/rust-lang/crates.io-index)",
 "libc 0.2.46 (registry+https://github.com/rust-lang/crates.io-index)",
 "log 0.4.6 (registry+https://github.com/rust-lang/crates.io-index)",
 "protobuf 2.0.5 (registry+https://github.com/rust-lang/crates.io-index)",
]

[[package]]
name = "grpcio-sys"
version = "0.4.1"
source = "registry+https://github.com/rust-lang/crates.io-index"
dependencies = [
 "cc 1.0.28 (registry+https://github.com/rust-lang/crates.io-index)",
 "cmake 0.1.35 (registry+https://github.com/rust-lang/crates.io-index)",
 "libc 0.2.46 (registry+https://github.com/rust-lang/crates.io-index)",
 "pkg-config 0.3.14 (registry+https://github.com/rust-lang/crates.io-index)",
]

[[package]]
name = "libc"
version = "0.2.46"
source = "registry+https://github.com/rust-lang/crates.io-index"

[[package]]
name = "log"
version = "0.4.6"
source = "registry+https://github.com/rust-lang/crates.io-index"
dependencies = [
 "cfg-if 0.1.6 (registry+https://github.com/rust-lang/crates.io-index)",
]

[[package]]
name = "named_pipe"
version = "0.4.0"
source = "registry+https://github.com/rust-lang/crates.io-index"
dependencies = [
 "winapi 0.3.6 (registry+https://github.com/rust-lang/crates.io-index)",
]

[[package]]
name = "pkg-config"
version = "0.3.14"
source = "registry+https://github.com/rust-lang/crates.io-index"

[[package]]
name = "protobuf"
version = "2.0.5"
source = "registry+https://github.com/rust-lang/crates.io-index"

[[package]]
name = "winapi"
version = "0.3.6"
source = "registry+https://github.com/rust-lang/crates.io-index"
dependencies = [
 "winapi-i686-pc-windows-gnu 0.4.0 (registry+https://github.com/rust-lang/crates.io-index)",
 "winapi-x86_64-pc-windows-gnu 0.4.0 (registry+https://github.com/rust-lang/crates.io-index)",
]

[[package]]
name = "winapi-i686-pc-windows-gnu"
version = "0.4.0"
source = "registry+https://github.com/rust-lang/crates.io-index"

[[package]]
name = "winapi-x86_64-pc-windows-gnu"
version = "0.4.0"
source = "registry+https://github.com/rust-lang/crates.io-index"

[metadata]
"checksum cc 1.0.28 (registry+https://github.com/rust-lang/crates.io-index)" = "bb4a8b715cb4597106ea87c7c84b2f1d452c7492033765df7f32651e66fcf749"
"checksum cfg-if 0.1.6 (registry+https://github.com/rust-lang/crates.io-index)" = "082bb9b28e00d3c9d39cc03e64ce4cea0f1bb9b3fde493f0cbc008472d22bdf4"
"checksum cmake 0.1.35 (registry+https://github.com/rust-lang/crates.io-index)" = "6ec65ee4f9c9d16f335091d23693457ed4928657ba4982289d7fafee03bc614a"
"checksum futures 0.1.25 (registry+https://github.com/rust-lang/crates.io-index)" = "49e7653e374fe0d0c12de4250f0bdb60680b8c80eed558c5c7538eec9c89e21b"
"checksum grpcio 0.4.1 (registry+https://github.com/rust-lang/crates.io-index)" = "d2d85ce7d13b694ecafe80f7da817827cfe3329cb62bc1c5de0c06383bdcef39"
"checksum grpcio-sys 0.4.1 (registry+https://github.com/rust-lang/crates.io-index)" = "ad54924d8d0f52271f0940926ce09d2df2de14c7a5d81e6083936aea7ea84b63"
"checksum libc 0.2.46 (registry+https://github.com/rust-lang/crates.io-index)" = "023a4cd09b2ff695f9734c1934145a315594b7986398496841c7031a5a1bbdbd"
"checksum log 0.4.6 (registry+https://github.com/rust-lang/crates.io-index)" = "c84ec4b527950aa83a329754b01dbe3f58361d1c5efacd1f6d68c494d08a17c6"
"checksum named_pipe 0.4.0 (registry+https://github.com/rust-lang/crates.io-index)" = "30346daff0f3a4a5e10c009865db221c49575b9ad1af9916e361c01ede638290"
"checksum pkg-config 0.3.14 (registry+https://github.com/rust-lang/crates.io-index)" = "676e8eb2b1b4c9043511a9b7bea0915320d7e502b0a079fb03f9635a5252b18c"
"checksum protobuf 2.0.5 (registry+https://github.com/rust-lang/crates.io-index)" = "c72f6663900752624f6b9b78d16abfc014caaa17d0002ff991274533cdc06c62"
"checksum winapi 0.3.6 (registry+https://github.com/rust-lang/crates.io-index)" = "92c1eb33641e276cfa214a0522acad57be5c56b10cb348b3c5117db75f3ac4b0"
"checksum winapi-i686-pc-windows-gnu 0.4.0 (registry+https://github.com/rust-lang/crates.io-index)" = "ac3b87c63620426dd9b991e5ce0329eff545bccbbb34f3be09ff6fb6ab51b7b6"
"checksum winapi-x86_64-pc-windows-gnu 0.4.0 (registry+https://github.com/rust-lang/crates.io-index)" = "712e227841d057c1ee1cd2fb22fa7e5a5461ae8e48fa2ca79ec42cfc1931183f"
